// !$*UTF8*$!
{
	archiveVersion = 1;
	classes = {
	};
	objectVersion = 55;
	objects = {

/* Begin PBXBuildFile section */
		210FD03A28C538BA00BBE052 /* Game_of_LifeApp.swift in Sources */ = {isa = PBXBuildFile; fileRef = 210FD03928C538BA00BBE052 /* Game_of_LifeApp.swift */; };
		210FD03C28C538BA00BBE052 /* RootView.swift in Sources */ = {isa = PBXBuildFile; fileRef = 210FD03B28C538BA00BBE052 /* RootView.swift */; };
		210FD03E28C538BA00BBE052 /* Assets.xcassets in Resources */ = {isa = PBXBuildFile; fileRef = 210FD03D28C538BA00BBE052 /* Assets.xcassets */; };
		210FD04128C538BA00BBE052 /* Preview Assets.xcassets in Resources */ = {isa = PBXBuildFile; fileRef = 210FD04028C538BA00BBE052 /* Preview Assets.xcassets */; };
		210FD04928C5420C00BBE052 /* HomeScreenView.swift in Sources */ = {isa = PBXBuildFile; fileRef = 210FD04828C5420C00BBE052 /* HomeScreenView.swift */; };
		210FD04C28C5448800BBE052 /* AppAppearance.swift in Sources */ = {isa = PBXBuildFile; fileRef = 210FD04B28C5448800BBE052 /* AppAppearance.swift */; };
		210FD04F28C54C1E00BBE052 /* HomeInteractor.swift in Sources */ = {isa = PBXBuildFile; fileRef = 210FD04E28C54C1E00BBE052 /* HomeInteractor.swift */; };
		210FD05128C54C5000BBE052 /* HomeViewModel.swift in Sources */ = {isa = PBXBuildFile; fileRef = 210FD05028C54C5000BBE052 /* HomeViewModel.swift */; };
		210FD05828C5557C00BBE052 /* StaticButtonStyle.swift in Sources */ = {isa = PBXBuildFile; fileRef = 210FD05728C5557C00BBE052 /* StaticButtonStyle.swift */; };
		2159158628CFDEE9007EA08B /* AppState+Settings.swift in Sources */ = {isa = PBXBuildFile; fileRef = 2159158528CFDEE9007EA08B /* AppState+Settings.swift */; };
		2159158828CFE1D4007EA08B /* SettingsViewModel.swift in Sources */ = {isa = PBXBuildFile; fileRef = 2159158728CFE1D4007EA08B /* SettingsViewModel.swift */; };
		219240B528C9057700EFC6B0 /* Navigation.swift in Sources */ = {isa = PBXBuildFile; fileRef = 219240B428C9057700EFC6B0 /* Navigation.swift */; };
		219240B728C9074000EFC6B0 /* NavigationHandler+NativeNavigation.swift in Sources */ = {isa = PBXBuildFile; fileRef = 219240B628C9074000EFC6B0 /* NavigationHandler+NativeNavigation.swift */; };
		219240B928C917C400EFC6B0 /* Router+AppRouter.swift in Sources */ = {isa = PBXBuildFile; fileRef = 219240B828C917C400EFC6B0 /* Router+AppRouter.swift */; };
		21BEC8B228C6B25000A94481 /* AppState.swift in Sources */ = {isa = PBXBuildFile; fileRef = 21BEC8B128C6B25000A94481 /* AppState.swift */; };
		21BEC8B428C6B84F00A94481 /* Router.swift in Sources */ = {isa = PBXBuildFile; fileRef = 21BEC8B328C6B84F00A94481 /* Router.swift */; };
		21BEC8B728C6BC7B00A94481 /* SettingsScreenView.swift in Sources */ = {isa = PBXBuildFile; fileRef = 21BEC8B628C6BC7B00A94481 /* SettingsScreenView.swift */; };
		21BEC8B928C6BCAE00A94481 /* SettingsInteractor.swift in Sources */ = {isa = PBXBuildFile; fileRef = 21BEC8B828C6BCAE00A94481 /* SettingsInteractor.swift */; };
/* End PBXBuildFile section */

/* Begin PBXFileReference section */
		210FD03628C538BA00BBE052 /* Game of Life.app */ = {isa = PBXFileReference; explicitFileType = wrapper.application; includeInIndex = 0; path = "Game of Life.app"; sourceTree = BUILT_PRODUCTS_DIR; };
		210FD03928C538BA00BBE052 /* Game_of_LifeApp.swift */ = {isa = PBXFileReference; lastKnownFileType = sourcecode.swift; path = Game_of_LifeApp.swift; sourceTree = "<group>"; };
		210FD03B28C538BA00BBE052 /* RootView.swift */ = {isa = PBXFileReference; lastKnownFileType = sourcecode.swift; path = RootView.swift; sourceTree = "<group>"; };
		210FD03D28C538BA00BBE052 /* Assets.xcassets */ = {isa = PBXFileReference; lastKnownFileType = folder.assetcatalog; path = Assets.xcassets; sourceTree = "<group>"; };
		210FD04028C538BA00BBE052 /* Preview Assets.xcassets */ = {isa = PBXFileReference; lastKnownFileType = folder.assetcatalog; path = "Preview Assets.xcassets"; sourceTree = "<group>"; };
		210FD04828C5420C00BBE052 /* HomeScreenView.swift */ = {isa = PBXFileReference; lastKnownFileType = sourcecode.swift; path = HomeScreenView.swift; sourceTree = "<group>"; };
		210FD04B28C5448800BBE052 /* AppAppearance.swift */ = {isa = PBXFileReference; lastKnownFileType = sourcecode.swift; path = AppAppearance.swift; sourceTree = "<group>"; };
		210FD04E28C54C1E00BBE052 /* HomeInteractor.swift */ = {isa = PBXFileReference; lastKnownFileType = sourcecode.swift; path = HomeInteractor.swift; sourceTree = "<group>"; };
		210FD05028C54C5000BBE052 /* HomeViewModel.swift */ = {isa = PBXFileReference; lastKnownFileType = sourcecode.swift; path = HomeViewModel.swift; sourceTree = "<group>"; };
		210FD05728C5557C00BBE052 /* StaticButtonStyle.swift */ = {isa = PBXFileReference; lastKnownFileType = sourcecode.swift; path = StaticButtonStyle.swift; sourceTree = "<group>"; };
		2159158528CFDEE9007EA08B /* AppState+Settings.swift */ = {isa = PBXFileReference; lastKnownFileType = sourcecode.swift; path = "AppState+Settings.swift"; sourceTree = "<group>"; };
		2159158728CFE1D4007EA08B /* SettingsViewModel.swift */ = {isa = PBXFileReference; lastKnownFileType = sourcecode.swift; path = SettingsViewModel.swift; sourceTree = "<group>"; };
		219240B428C9057700EFC6B0 /* Navigation.swift */ = {isa = PBXFileReference; lastKnownFileType = sourcecode.swift; path = Navigation.swift; sourceTree = "<group>"; };
		219240B628C9074000EFC6B0 /* NavigationHandler+NativeNavigation.swift */ = {isa = PBXFileReference; lastKnownFileType = sourcecode.swift; path = "NavigationHandler+NativeNavigation.swift"; sourceTree = "<group>"; };
		219240B828C917C400EFC6B0 /* Router+AppRouter.swift */ = {isa = PBXFileReference; lastKnownFileType = sourcecode.swift; path = "Router+AppRouter.swift"; sourceTree = "<group>"; };
		21BEC8B128C6B25000A94481 /* AppState.swift */ = {isa = PBXFileReference; lastKnownFileType = sourcecode.swift; path = AppState.swift; sourceTree = "<group>"; };
		21BEC8B328C6B84F00A94481 /* Router.swift */ = {isa = PBXFileReference; lastKnownFileType = sourcecode.swift; path = Router.swift; sourceTree = "<group>"; };
		21BEC8B628C6BC7B00A94481 /* SettingsScreenView.swift */ = {isa = PBXFileReference; lastKnownFileType = sourcecode.swift; path = SettingsScreenView.swift; sourceTree = "<group>"; };
		21BEC8B828C6BCAE00A94481 /* SettingsInteractor.swift */ = {isa = PBXFileReference; lastKnownFileType = sourcecode.swift; path = SettingsInteractor.swift; sourceTree = "<group>"; };
/* End PBXFileReference section */

/* Begin PBXFrameworksBuildPhase section */
		210FD03328C538BA00BBE052 /* Frameworks */ = {
			isa = PBXFrameworksBuildPhase;
			buildActionMask = 2147483647;
			files = (
			);
			runOnlyForDeploymentPostprocessing = 0;
		};
/* End PBXFrameworksBuildPhase section */

/* Begin PBXGroup section */
		210FD02D28C538BA00BBE052 = {
			isa = PBXGroup;
			children = (
				210FD03828C538BA00BBE052 /* Game of Life */,
				210FD03728C538BA00BBE052 /* Products */,
			);
			sourceTree = "<group>";
		};
		210FD03728C538BA00BBE052 /* Products */ = {
			isa = PBXGroup;
			children = (
				210FD03628C538BA00BBE052 /* Game of Life.app */,
			);
			name = Products;
			sourceTree = "<group>";
		};
		210FD03828C538BA00BBE052 /* Game of Life */ = {
			isa = PBXGroup;
			children = (
				210FD03928C538BA00BBE052 /* Game_of_LifeApp.swift */,
				210FD03B28C538BA00BBE052 /* RootView.swift */,
				219240BC28C9195500EFC6B0 /* modules */,
				219240BB28C9193500EFC6B0 /* navigation */,
				21BEC8B028C6B23E00A94481 /* globalState */,
				210FD05528C5555000BBE052 /* genericViews */,
				210FD04A28C5447300BBE052 /* appearance */,
				210FD03D28C538BA00BBE052 /* Assets.xcassets */,
				210FD03F28C538BA00BBE052 /* Preview Content */,
			);
			path = "Game of Life";
			sourceTree = "<group>";
		};
		210FD03F28C538BA00BBE052 /* Preview Content */ = {
			isa = PBXGroup;
			children = (
				210FD04028C538BA00BBE052 /* Preview Assets.xcassets */,
			);
			path = "Preview Content";
			sourceTree = "<group>";
		};
		210FD04728C541C400BBE052 /* showHomeScreen */ = {
			isa = PBXGroup;
			children = (
				210FD04828C5420C00BBE052 /* HomeScreenView.swift */,
				210FD04E28C54C1E00BBE052 /* HomeInteractor.swift */,
				210FD05028C54C5000BBE052 /* HomeViewModel.swift */,
			);
			path = showHomeScreen;
			sourceTree = "<group>";
		};
		210FD04A28C5447300BBE052 /* appearance */ = {
			isa = PBXGroup;
			children = (
				210FD04B28C5448800BBE052 /* AppAppearance.swift */,
			);
			path = appearance;
			sourceTree = "<group>";
		};
		210FD05528C5555000BBE052 /* genericViews */ = {
			isa = PBXGroup;
			children = (
				210FD05628C5556E00BBE052 /* buttons */,
			);
			path = genericViews;
			sourceTree = "<group>";
		};
		210FD05628C5556E00BBE052 /* buttons */ = {
			isa = PBXGroup;
			children = (
				210FD05728C5557C00BBE052 /* StaticButtonStyle.swift */,
			);
			path = buttons;
			sourceTree = "<group>";
		};
		219240BA28C9191800EFC6B0 /* router */ = {
			isa = PBXGroup;
			children = (
				21BEC8B328C6B84F00A94481 /* Router.swift */,
				219240B828C917C400EFC6B0 /* Router+AppRouter.swift */,
			);
			path = router;
			sourceTree = "<group>";
		};
		219240BB28C9193500EFC6B0 /* navigation */ = {
			isa = PBXGroup;
			children = (
				219240B428C9057700EFC6B0 /* Navigation.swift */,
				219240B628C9074000EFC6B0 /* NavigationHandler+NativeNavigation.swift */,
			);
			path = navigation;
			sourceTree = "<group>";
		};
		219240BC28C9195500EFC6B0 /* modules */ = {
			isa = PBXGroup;
			children = (
				210FD04728C541C400BBE052 /* showHomeScreen */,
				21BEC8B528C6BC6400A94481 /* showSettings */,
			);
			path = modules;
			sourceTree = "<group>";
		};
		21BEC8B028C6B23E00A94481 /* globalState */ = {
			isa = PBXGroup;
			children = (
				21BEC8B128C6B25000A94481 /* AppState.swift */,
				2159158528CFDEE9007EA08B /* AppState+Settings.swift */,
				219240BA28C9191800EFC6B0 /* router */,
			);
			path = globalState;
			sourceTree = "<group>";
		};
		21BEC8B528C6BC6400A94481 /* showSettings */ = {
			isa = PBXGroup;
			children = (
				21BEC8B628C6BC7B00A94481 /* SettingsScreenView.swift */,
				21BEC8B828C6BCAE00A94481 /* SettingsInteractor.swift */,
				2159158728CFE1D4007EA08B /* SettingsViewModel.swift */,
			);
			path = showSettings;
			sourceTree = "<group>";
		};
/* End PBXGroup section */

/* Begin PBXNativeTarget section */
		210FD03528C538BA00BBE052 /* Game of Life */ = {
			isa = PBXNativeTarget;
			buildConfigurationList = 210FD04428C538BA00BBE052 /* Build configuration list for PBXNativeTarget "Game of Life" */;
			buildPhases = (
				210FD03228C538BA00BBE052 /* Sources */,
				210FD03328C538BA00BBE052 /* Frameworks */,
				210FD03428C538BA00BBE052 /* Resources */,
			);
			buildRules = (
			);
			dependencies = (
			);
			name = "Game of Life";
			productName = "Game of Life";
			productReference = 210FD03628C538BA00BBE052 /* Game of Life.app */;
			productType = "com.apple.product-type.application";
		};
/* End PBXNativeTarget section */

/* Begin PBXProject section */
		210FD02E28C538BA00BBE052 /* Project object */ = {
			isa = PBXProject;
			attributes = {
				BuildIndependentTargetsInParallel = 1;
				LastSwiftUpdateCheck = 1330;
				LastUpgradeCheck = 1330;
				TargetAttributes = {
					210FD03528C538BA00BBE052 = {
						CreatedOnToolsVersion = 13.3;
					};
				};
			};
			buildConfigurationList = 210FD03128C538BA00BBE052 /* Build configuration list for PBXProject "Game of Life" */;
			compatibilityVersion = "Xcode 13.0";
			developmentRegion = en;
			hasScannedForEncodings = 0;
			knownRegions = (
				en,
				Base,
			);
			mainGroup = 210FD02D28C538BA00BBE052;
			productRefGroup = 210FD03728C538BA00BBE052 /* Products */;
			projectDirPath = "";
			projectRoot = "";
			targets = (
				210FD03528C538BA00BBE052 /* Game of Life */,
			);
		};
/* End PBXProject section */

/* Begin PBXResourcesBuildPhase section */
		210FD03428C538BA00BBE052 /* Resources */ = {
			isa = PBXResourcesBuildPhase;
			buildActionMask = 2147483647;
			files = (
				210FD04128C538BA00BBE052 /* Preview Assets.xcassets in Resources */,
				210FD03E28C538BA00BBE052 /* Assets.xcassets in Resources */,
			);
			runOnlyForDeploymentPostprocessing = 0;
		};
/* End PBXResourcesBuildPhase section */

/* Begin PBXSourcesBuildPhase section */
		210FD03228C538BA00BBE052 /* Sources */ = {
			isa = PBXSourcesBuildPhase;
			buildActionMask = 2147483647;
			files = (
				210FD04928C5420C00BBE052 /* HomeScreenView.swift in Sources */,
				210FD05128C54C5000BBE052 /* HomeViewModel.swift in Sources */,
				21BEC8B428C6B84F00A94481 /* Router.swift in Sources */,
				210FD03C28C538BA00BBE052 /* RootView.swift in Sources */,
				21BEC8B228C6B25000A94481 /* AppState.swift in Sources */,
				219240B528C9057700EFC6B0 /* Navigation.swift in Sources */,
				21BEC8B928C6BCAE00A94481 /* SettingsInteractor.swift in Sources */,
				219240B928C917C400EFC6B0 /* Router+AppRouter.swift in Sources */,
				21BEC8B728C6BC7B00A94481 /* SettingsScreenView.swift in Sources */,
				210FD05828C5557C00BBE052 /* StaticButtonStyle.swift in Sources */,
				210FD03A28C538BA00BBE052 /* Game_of_LifeApp.swift in Sources */,
				2159158628CFDEE9007EA08B /* AppState+Settings.swift in Sources */,
				210FD04F28C54C1E00BBE052 /* HomeInteractor.swift in Sources */,
				219240B728C9074000EFC6B0 /* NavigationHandler+NativeNavigation.swift in Sources */,
				210FD04C28C5448800BBE052 /* AppAppearance.swift in Sources */,
				2159158828CFE1D4007EA08B /* SettingsViewModel.swift in Sources */,
			);
			runOnlyForDeploymentPostprocessing = 0;
		};
/* End PBXSourcesBuildPhase section */

/* Begin XCBuildConfiguration section */
		210FD04228C538BA00BBE052 /* Debug */ = {
			isa = XCBuildConfiguration;
			buildSettings = {
				ALWAYS_SEARCH_USER_PATHS = NO;
				CLANG_ANALYZER_NONNULL = YES;
				CLANG_ANALYZER_NUMBER_OBJECT_CONVERSION = YES_AGGRESSIVE;
				CLANG_CXX_LANGUAGE_STANDARD = "gnu++17";
				CLANG_ENABLE_MODULES = YES;
				CLANG_ENABLE_OBJC_ARC = YES;
				CLANG_ENABLE_OBJC_WEAK = YES;
				CLANG_WARN_BLOCK_CAPTURE_AUTORELEASING = YES;
				CLANG_WARN_BOOL_CONVERSION = YES;
				CLANG_WARN_COMMA = YES;
				CLANG_WARN_CONSTANT_CONVERSION = YES;
				CLANG_WARN_DEPRECATED_OBJC_IMPLEMENTATIONS = YES;
				CLANG_WARN_DIRECT_OBJC_ISA_USAGE = YES_ERROR;
				CLANG_WARN_DOCUMENTATION_COMMENTS = YES;
				CLANG_WARN_EMPTY_BODY = YES;
				CLANG_WARN_ENUM_CONVERSION = YES;
				CLANG_WARN_INFINITE_RECURSION = YES;
				CLANG_WARN_INT_CONVERSION = YES;
				CLANG_WARN_NON_LITERAL_NULL_CONVERSION = YES;
				CLANG_WARN_OBJC_IMPLICIT_RETAIN_SELF = YES;
				CLANG_WARN_OBJC_LITERAL_CONVERSION = YES;
				CLANG_WARN_OBJC_ROOT_CLASS = YES_ERROR;
				CLANG_WARN_QUOTED_INCLUDE_IN_FRAMEWORK_HEADER = YES;
				CLANG_WARN_RANGE_LOOP_ANALYSIS = YES;
				CLANG_WARN_STRICT_PROTOTYPES = YES;
				CLANG_WARN_SUSPICIOUS_MOVE = YES;
				CLANG_WARN_UNGUARDED_AVAILABILITY = YES_AGGRESSIVE;
				CLANG_WARN_UNREACHABLE_CODE = YES;
				CLANG_WARN__DUPLICATE_METHOD_MATCH = YES;
				COPY_PHASE_STRIP = NO;
				DEBUG_INFORMATION_FORMAT = dwarf;
				ENABLE_STRICT_OBJC_MSGSEND = YES;
				ENABLE_TESTABILITY = YES;
				GCC_C_LANGUAGE_STANDARD = gnu11;
				GCC_DYNAMIC_NO_PIC = NO;
				GCC_NO_COMMON_BLOCKS = YES;
				GCC_OPTIMIZATION_LEVEL = 0;
				GCC_PREPROCESSOR_DEFINITIONS = (
					"DEBUG=1",
					"$(inherited)",
				);
				GCC_WARN_64_TO_32_BIT_CONVERSION = YES;
				GCC_WARN_ABOUT_RETURN_TYPE = YES_ERROR;
				GCC_WARN_UNDECLARED_SELECTOR = YES;
				GCC_WARN_UNINITIALIZED_AUTOS = YES_AGGRESSIVE;
				GCC_WARN_UNUSED_FUNCTION = YES;
				GCC_WARN_UNUSED_VARIABLE = YES;
				IPHONEOS_DEPLOYMENT_TARGET = 15.4;
				MTL_ENABLE_DEBUG_INFO = INCLUDE_SOURCE;
				MTL_FAST_MATH = YES;
				ONLY_ACTIVE_ARCH = YES;
				SDKROOT = iphoneos;
				SWIFT_ACTIVE_COMPILATION_CONDITIONS = DEBUG;
				SWIFT_OPTIMIZATION_LEVEL = "-Onone";
			};
			name = Debug;
		};
		210FD04328C538BA00BBE052 /* Release */ = {
			isa = XCBuildConfiguration;
			buildSettings = {
				ALWAYS_SEARCH_USER_PATHS = NO;
				CLANG_ANALYZER_NONNULL = YES;
				CLANG_ANALYZER_NUMBER_OBJECT_CONVERSION = YES_AGGRESSIVE;
				CLANG_CXX_LANGUAGE_STANDARD = "gnu++17";
				CLANG_ENABLE_MODULES = YES;
				CLANG_ENABLE_OBJC_ARC = YES;
				CLANG_ENABLE_OBJC_WEAK = YES;
				CLANG_WARN_BLOCK_CAPTURE_AUTORELEASING = YES;
				CLANG_WARN_BOOL_CONVERSION = YES;
				CLANG_WARN_COMMA = YES;
				CLANG_WARN_CONSTANT_CONVERSION = YES;
				CLANG_WARN_DEPRECATED_OBJC_IMPLEMENTATIONS = YES;
				CLANG_WARN_DIRECT_OBJC_ISA_USAGE = YES_ERROR;
				CLANG_WARN_DOCUMENTATION_COMMENTS = YES;
				CLANG_WARN_EMPTY_BODY = YES;
				CLANG_WARN_ENUM_CONVERSION = YES;
				CLANG_WARN_INFINITE_RECURSION = YES;
				CLANG_WARN_INT_CONVERSION = YES;
				CLANG_WARN_NON_LITERAL_NULL_CONVERSION = YES;
				CLANG_WARN_OBJC_IMPLICIT_RETAIN_SELF = YES;
				CLANG_WARN_OBJC_LITERAL_CONVERSION = YES;
				CLANG_WARN_OBJC_ROOT_CLASS = YES_ERROR;
				CLANG_WARN_QUOTED_INCLUDE_IN_FRAMEWORK_HEADER = YES;
				CLANG_WARN_RANGE_LOOP_ANALYSIS = YES;
				CLANG_WARN_STRICT_PROTOTYPES = YES;
				CLANG_WARN_SUSPICIOUS_MOVE = YES;
				CLANG_WARN_UNGUARDED_AVAILABILITY = YES_AGGRESSIVE;
				CLANG_WARN_UNREACHABLE_CODE = YES;
				CLANG_WARN__DUPLICATE_METHOD_MATCH = YES;
				COPY_PHASE_STRIP = NO;
				DEBUG_INFORMATION_FORMAT = "dwarf-with-dsym";
				ENABLE_NS_ASSERTIONS = NO;
				ENABLE_STRICT_OBJC_MSGSEND = YES;
				GCC_C_LANGUAGE_STANDARD = gnu11;
				GCC_NO_COMMON_BLOCKS = YES;
				GCC_WARN_64_TO_32_BIT_CONVERSION = YES;
				GCC_WARN_ABOUT_RETURN_TYPE = YES_ERROR;
				GCC_WARN_UNDECLARED_SELECTOR = YES;
				GCC_WARN_UNINITIALIZED_AUTOS = YES_AGGRESSIVE;
				GCC_WARN_UNUSED_FUNCTION = YES;
				GCC_WARN_UNUSED_VARIABLE = YES;
				IPHONEOS_DEPLOYMENT_TARGET = 15.4;
				MTL_ENABLE_DEBUG_INFO = NO;
				MTL_FAST_MATH = YES;
				SDKROOT = iphoneos;
				SWIFT_COMPILATION_MODE = wholemodule;
				SWIFT_OPTIMIZATION_LEVEL = "-O";
				VALIDATE_PRODUCT = YES;
			};
			name = Release;
		};
		210FD04528C538BA00BBE052 /* Debug */ = {
			isa = XCBuildConfiguration;
			buildSettings = {
				ASSETCATALOG_COMPILER_APPICON_NAME = AppIcon;
				ASSETCATALOG_COMPILER_GLOBAL_ACCENT_COLOR_NAME = AccentColor;
				CODE_SIGN_STYLE = Automatic;
				CURRENT_PROJECT_VERSION = 1;
				DEVELOPMENT_ASSET_PATHS = "\"Game of Life/Preview Content\"";
				DEVELOPMENT_TEAM = M765B92TDY;
				ENABLE_PREVIEWS = YES;
				GENERATE_INFOPLIST_FILE = YES;
				INFOPLIST_KEY_UIApplicationSceneManifest_Generation = YES;
				INFOPLIST_KEY_UIApplicationSupportsIndirectInputEvents = YES;
				INFOPLIST_KEY_UILaunchScreen_Generation = YES;
				INFOPLIST_KEY_UISupportedInterfaceOrientations_iPad = "UIInterfaceOrientationPortrait UIInterfaceOrientationPortraitUpsideDown UIInterfaceOrientationLandscapeLeft UIInterfaceOrientationLandscapeRight";
				INFOPLIST_KEY_UISupportedInterfaceOrientations_iPhone = "UIInterfaceOrientationPortrait UIInterfaceOrientationLandscapeLeft UIInterfaceOrientationLandscapeRight";
				LD_RUNPATH_SEARCH_PATHS = (
					"$(inherited)",
					"@executable_path/Frameworks",
				);
				MARKETING_VERSION = 1.0;
				PRODUCT_BUNDLE_IDENTIFIER = "com.albertosamele.gameoflife.Game-of-Life";
				PRODUCT_NAME = "$(TARGET_NAME)";
				SWIFT_EMIT_LOC_STRINGS = YES;
				SWIFT_VERSION = 5.0;
				TARGETED_DEVICE_FAMILY = "1,2";
			};
			name = Debug;
		};
		210FD04628C538BA00BBE052 /* Release */ = {
			isa = XCBuildConfiguration;
			buildSettings = {
				ASSETCATALOG_COMPILER_APPICON_NAME = AppIcon;
				ASSETCATALOG_COMPILER_GLOBAL_ACCENT_COLOR_NAME = AccentColor;
				CODE_SIGN_STYLE = Automatic;
				CURRENT_PROJECT_VERSION = 1;
				DEVELOPMENT_ASSET_PATHS = "\"Game of Life/Preview Content\"";
				DEVELOPMENT_TEAM = M765B92TDY;
				ENABLE_PREVIEWS = YES;
				GENERATE_INFOPLIST_FILE = YES;
				INFOPLIST_KEY_UIApplicationSceneManifest_Generation = YES;
				INFOPLIST_KEY_UIApplicationSupportsIndirectInputEvents = YES;
				INFOPLIST_KEY_UILaunchScreen_Generation = YES;
				INFOPLIST_KEY_UISupportedInterfaceOrientations_iPad = "UIInterfaceOrientationPortrait UIInterfaceOrientationPortraitUpsideDown UIInterfaceOrientationLandscapeLeft UIInterfaceOrientationLandscapeRight";
				INFOPLIST_KEY_UISupportedInterfaceOrientations_iPhone = "UIInterfaceOrientationPortrait UIInterfaceOrientationLandscapeLeft UIInterfaceOrientationLandscapeRight";
				LD_RUNPATH_SEARCH_PATHS = (
					"$(inherited)",
					"@executable_path/Frameworks",
				);
				MARKETING_VERSION = 1.0;
				PRODUCT_BUNDLE_IDENTIFIER = "com.albertosamele.gameoflife.Game-of-Life";
				PRODUCT_NAME = "$(TARGET_NAME)";
				SWIFT_EMIT_LOC_STRINGS = YES;
				SWIFT_VERSION = 5.0;
				TARGETED_DEVICE_FAMILY = "1,2";
			};
			name = Release;
		};
/* End XCBuildConfiguration section */

/* Begin XCConfigurationList section */
		210FD03128C538BA00BBE052 /* Build configuration list for PBXProject "Game of Life" */ = {
			isa = XCConfigurationList;
			buildConfigurations = (
				210FD04228C538BA00BBE052 /* Debug */,
				210FD04328C538BA00BBE052 /* Release */,
			);
			defaultConfigurationIsVisible = 0;
			defaultConfigurationName = Release;
		};
		210FD04428C538BA00BBE052 /* Build configuration list for PBXNativeTarget "Game of Life" */ = {
			isa = XCConfigurationList;
			buildConfigurations = (
				210FD04528C538BA00BBE052 /* Debug */,
				210FD04628C538BA00BBE052 /* Release */,
			);
			defaultConfigurationIsVisible = 0;
			defaultConfigurationName = Release;
		};
/* End XCConfigurationList section */
	};
	rootObject = 210FD02E28C538BA00BBE052 /* Project object */;
}
